
Microsoft Visual Studio Solution File, Format Version 12.00
# Visual Studio Version 17
VisualStudioVersion = 17.4.33213.308
MinimumVisualStudioVersion = 10.0.40219.1
Project("{FAE04EC0-301F-11D3-BF4B-00C04F79EFBC}") = "Capa_Presentación", "Capa_Presentación.csproj", "{93687DF7-59F7-487C-90B9-5CE9042089AA}"
EndProject
Project("{FAE04EC0-301F-11D3-BF4B-00C04F79EFBC}") = "Capa_Datos", "..\Capa_Datos\Capa_Datos.csproj", "{FF397693-3B87-4C08-B969-6BE26E844BBE}"
EndProject
Project("{FAE04EC0-301F-11D3-BF4B-00C04F79EFBC}") = "Capa_Entidad", "..\Capa_Entidad\Capa_Entidad.csproj", "{4CA3F180-B6DD-4CAE-97C7-D01F2B72F780}"
EndProject
Project("{FAE04EC0-301F-11D3-BF4B-00C04F79EFBC}") = "Capa_Logica", "..\Capa_Logica\Capa_Logica.csproj", "{C8BC190C-0F50-4091-833B-96B636799937}"
EndProject
Global
	GlobalSection(SolutionConfigurationPlatforms) = preSolution
		Debug|Any CPU = Debug|Any CPU
		Release|Any CPU = Release|Any CPU
	EndGlobalSection
	GlobalSection(ProjectConfigurationPlatforms) = postSolution
		{93687DF7-59F7-487C-90B9-5CE9042089AA}.Debug|Any CPU.ActiveCfg = Debug|Any CPU
		{93687DF7-59F7-487C-90B9-5CE9042089AA}.Debug|Any CPU.Build.0 = Debug|Any CPU
		{93687DF7-59F7-487C-90B9-5CE9042089AA}.Release|Any CPU.ActiveCfg = Release|Any CPU
		{93687DF7-59F7-487C-90B9-5CE9042089AA}.Release|Any CPU.Build.0 = Release|Any CPU
		{FF397693-3B87-4C08-B969-6BE26E844BBE}.Debug|Any CPU.ActiveCfg = Debug|Any CPU
		{FF397693-3B87-4C08-B969-6BE26E844BBE}.Debug|Any CPU.Build.0 = Debug|Any CPU
		{FF397693-3B87-4C08-B969-6BE26E844BBE}.Release|Any CPU.ActiveCfg = Release|Any CPU
		{FF397693-3B87-4C08-B969-6BE26E844BBE}.Release|Any CPU.Build.0 = Release|Any CPU
		{4CA3F180-B6DD-4CAE-97C7-D01F2B72F780}.Debug|Any CPU.ActiveCfg = Debug|Any CPU
		{4CA3F180-B6DD-4CAE-97C7-D01F2B72F780}.Debug|Any CPU.Build.0 = Debug|Any CPU
		{4CA3F180-B6DD-4CAE-97C7-D01F2B72F780}.Release|Any CPU.ActiveCfg = Release|Any CPU
		{4CA3F180-B6DD-4CAE-97C7-D01F2B72F780}.Release|Any CPU.Build.0 = Release|Any CPU
		{C8BC190C-0F50-4091-833B-96B636799937}.Debug|Any CPU.ActiveCfg = Debug|Any CPU
		{C8BC190C-0F50-4091-833B-96B636799937}.Debug|Any CPU.Build.0 = Debug|Any CPU
		{C8BC190C-0F50-4091-833B-96B636799937}.Release|Any CPU.ActiveCfg = Release|Any CPU
		{C8BC190C-0F50-4091-833B-96B636799937}.Release|Any CPU.Build.0 = Release|Any CPU
	EndGlobalSection
	GlobalSection(SolutionProperties) = preSolution
		HideSolutionNode = FALSE
	EndGlobalSection
	GlobalSection(ExtensibilityGlobals) = postSolution
		SolutionGuid = {6A7EBF5E-4815-4E1A-B27F-89EF58F21648}
	EndGlobalSection
EndGlobal
